
Microsoft Visual Studio Solution File, Format Version 12.00
# Visual Studio Version 17
VisualStudioVersion = 17.4.33110.190
MinimumVisualStudioVersion = 10.0.40219.1
Project("{2150E333-8FDC-42A3-9474-1A3956D46DE8}") = "src", "src", "{AA29B08B-3F24-4C34-AC72-E731E768937C}"
EndProject
Project("{2150E333-8FDC-42A3-9474-1A3956D46DE8}") = "Core", "Core", "{ADCD0ACB-BC5E-41D3-A849-A29ED638F761}"
EndProject
Project("{2150E333-8FDC-42A3-9474-1A3956D46DE8}") = "Infraestructure", "Infraestructure", "{A8678838-535B-4633-BE9F-F91EE52DB932}"
EndProject
Project("{2150E333-8FDC-42A3-9474-1A3956D46DE8}") = "Presentation", "Presentation", "{C5E4B2BF-2CA1-4979-A580-E34207DEDD5E}"
EndProject
Project("{9A19103F-16F7-4668-BE54-9A1E7A4F7556}") = "Application", "Application\Application.csproj", "{414112B6-75BC-4F7A-97D6-F5702AB33FE9}"
EndProject
Project("{9A19103F-16F7-4668-BE54-9A1E7A4F7556}") = "Domain", "Domain\Domain.csproj", "{F2F2C6EF-365B-4C3C-91D3-B554697F797D}"
EndProject
Project("{9A19103F-16F7-4668-BE54-9A1E7A4F7556}") = "Persitence", "Persitence\Persitence.csproj", "{AA021ED6-BCAA-435D-80DE-5913458F0ECB}"
EndProject
Project("{9A19103F-16F7-4668-BE54-9A1E7A4F7556}") = "Shared", "Shared\Shared.csproj", "{6C14200E-C4DF-4ACC-B0EF-5ADAA72A7260}"
EndProject
Project("{9A19103F-16F7-4668-BE54-9A1E7A4F7556}") = "WebApi", "WebApi\WebApi.csproj", "{00D3F5DC-5FC5-4D72-9DC2-F0CC1A1C86D0}"
EndProject
Project("{FAE04EC0-301F-11D3-BF4B-00C04F79EFBC}") = "Identity", "Identity\Identity.csproj", "{563F0B4E-E6CF-46C4-9E93-F8C4A5AD0BB8}"
EndProject
Global
	GlobalSection(SolutionConfigurationPlatforms) = preSolution
		Debug|Any CPU = Debug|Any CPU
		Release|Any CPU = Release|Any CPU
	EndGlobalSection
	GlobalSection(ProjectConfigurationPlatforms) = postSolution
		{414112B6-75BC-4F7A-97D6-F5702AB33FE9}.Debug|Any CPU.ActiveCfg = Debug|Any CPU
		{414112B6-75BC-4F7A-97D6-F5702AB33FE9}.Debug|Any CPU.Build.0 = Debug|Any CPU
		{414112B6-75BC-4F7A-97D6-F5702AB33FE9}.Release|Any CPU.ActiveCfg = Release|Any CPU
		{414112B6-75BC-4F7A-97D6-F5702AB33FE9}.Release|Any CPU.Build.0 = Release|Any CPU
		{F2F2C6EF-365B-4C3C-91D3-B554697F797D}.Debug|Any CPU.ActiveCfg = Debug|Any CPU
		{F2F2C6EF-365B-4C3C-91D3-B554697F797D}.Debug|Any CPU.Build.0 = Debug|Any CPU
		{F2F2C6EF-365B-4C3C-91D3-B554697F797D}.Release|Any CPU.ActiveCfg = Release|Any CPU
		{F2F2C6EF-365B-4C3C-91D3-B554697F797D}.Release|Any CPU.Build.0 = Release|Any CPU
		{AA021ED6-BCAA-435D-80DE-5913458F0ECB}.Debug|Any CPU.ActiveCfg = Debug|Any CPU
		{AA021ED6-BCAA-435D-80DE-5913458F0ECB}.Debug|Any CPU.Build.0 = Debug|Any CPU
		{AA021ED6-BCAA-435D-80DE-5913458F0ECB}.Release|Any CPU.ActiveCfg = Release|Any CPU
		{AA021ED6-BCAA-435D-80DE-5913458F0ECB}.Release|Any CPU.Build.0 = Release|Any CPU
		{6C14200E-C4DF-4ACC-B0EF-5ADAA72A7260}.Debug|Any CPU.ActiveCfg = Debug|Any CPU
		{6C14200E-C4DF-4ACC-B0EF-5ADAA72A7260}.Debug|Any CPU.Build.0 = Debug|Any CPU
		{6C14200E-C4DF-4ACC-B0EF-5ADAA72A7260}.Release|Any CPU.ActiveCfg = Release|Any CPU
		{6C14200E-C4DF-4ACC-B0EF-5ADAA72A7260}.Release|Any CPU.Build.0 = Release|Any CPU
		{00D3F5DC-5FC5-4D72-9DC2-F0CC1A1C86D0}.Debug|Any CPU.ActiveCfg = Debug|Any CPU
		{00D3F5DC-5FC5-4D72-9DC2-F0CC1A1C86D0}.Debug|Any CPU.Build.0 = Debug|Any CPU
		{00D3F5DC-5FC5-4D72-9DC2-F0CC1A1C86D0}.Release|Any CPU.ActiveCfg = Release|Any CPU
		{00D3F5DC-5FC5-4D72-9DC2-F0CC1A1C86D0}.Release|Any CPU.Build.0 = Release|Any CPU
		{563F0B4E-E6CF-46C4-9E93-F8C4A5AD0BB8}.Debug|Any CPU.ActiveCfg = Debug|Any CPU
		{563F0B4E-E6CF-46C4-9E93-F8C4A5AD0BB8}.Debug|Any CPU.Build.0 = Debug|Any CPU
		{563F0B4E-E6CF-46C4-9E93-F8C4A5AD0BB8}.Release|Any CPU.ActiveCfg = Release|Any CPU
		{563F0B4E-E6CF-46C4-9E93-F8C4A5AD0BB8}.Release|Any CPU.Build.0 = Release|Any CPU
	EndGlobalSection
	GlobalSection(SolutionProperties) = preSolution
		HideSolutionNode = FALSE
	EndGlobalSection
	GlobalSection(NestedProjects) = preSolution
		{ADCD0ACB-BC5E-41D3-A849-A29ED638F761} = {AA29B08B-3F24-4C34-AC72-E731E768937C}
		{A8678838-535B-4633-BE9F-F91EE52DB932} = {AA29B08B-3F24-4C34-AC72-E731E768937C}
		{C5E4B2BF-2CA1-4979-A580-E34207DEDD5E} = {AA29B08B-3F24-4C34-AC72-E731E768937C}
		{414112B6-75BC-4F7A-97D6-F5702AB33FE9} = {ADCD0ACB-BC5E-41D3-A849-A29ED638F761}
		{F2F2C6EF-365B-4C3C-91D3-B554697F797D} = {ADCD0ACB-BC5E-41D3-A849-A29ED638F761}
		{AA021ED6-BCAA-435D-80DE-5913458F0ECB} = {A8678838-535B-4633-BE9F-F91EE52DB932}
		{6C14200E-C4DF-4ACC-B0EF-5ADAA72A7260} = {A8678838-535B-4633-BE9F-F91EE52DB932}
		{00D3F5DC-5FC5-4D72-9DC2-F0CC1A1C86D0} = {C5E4B2BF-2CA1-4979-A580-E34207DEDD5E}
		{563F0B4E-E6CF-46C4-9E93-F8C4A5AD0BB8} = {A8678838-535B-4633-BE9F-F91EE52DB932}
	EndGlobalSection
	GlobalSection(ExtensibilityGlobals) = postSolution
		SolutionGuid = {47D7AC93-FF06-41D6-AA46-3ED3FAF11405}
	EndGlobalSection
EndGlobal
